
Microsoft Visual Studio Solution File, Format Version 12.00
# Visual Studio Version 16
VisualStudioVersion = 16.0.30503.244
MinimumVisualStudioVersion = 10.0.40219.1
Project("{9A19103F-16F7-4668-BE54-9A1E7A4F7556}") = "De.Api", "src\De.Api\De.Api.csproj", "{740A9963-9D31-4C4B-AF7F-4C209077074C}"
	ProjectSection(ProjectDependencies) = postProject
		{715DD06E-0850-4D82-9451-EC97D458DA46} = {715DD06E-0850-4D82-9451-EC97D458DA46}
		{3BAE9BFA-91E3-4F6F-B774-058588D456CF} = {3BAE9BFA-91E3-4F6F-B774-058588D456CF}
	EndProjectSection
EndProject
Project("{FAE04EC0-301F-11D3-BF4B-00C04F79EFBC}") = "De.Business", "src\De.Business\De.Business.csproj", "{3BAE9BFA-91E3-4F6F-B774-058588D456CF}"
EndProject
Project("{FAE04EC0-301F-11D3-BF4B-00C04F79EFBC}") = "De.Data", "src\De.Data\De.Data.csproj", "{715DD06E-0850-4D82-9451-EC97D458DA46}"
EndProject
Global
	GlobalSection(SolutionConfigurationPlatforms) = preSolution
		Debug|Any CPU = Debug|Any CPU
		Release|Any CPU = Release|Any CPU
	EndGlobalSection
	GlobalSection(ProjectConfigurationPlatforms) = postSolution
		{740A9963-9D31-4C4B-AF7F-4C209077074C}.Debug|Any CPU.ActiveCfg = Debug|Any CPU
		{740A9963-9D31-4C4B-AF7F-4C209077074C}.Debug|Any CPU.Build.0 = Debug|Any CPU
		{740A9963-9D31-4C4B-AF7F-4C209077074C}.Release|Any CPU.ActiveCfg = Release|Any CPU
		{740A9963-9D31-4C4B-AF7F-4C209077074C}.Release|Any CPU.Build.0 = Release|Any CPU
		{3BAE9BFA-91E3-4F6F-B774-058588D456CF}.Debug|Any CPU.ActiveCfg = Debug|Any CPU
		{3BAE9BFA-91E3-4F6F-B774-058588D456CF}.Debug|Any CPU.Build.0 = Debug|Any CPU
		{3BAE9BFA-91E3-4F6F-B774-058588D456CF}.Release|Any CPU.ActiveCfg = Release|Any CPU
		{3BAE9BFA-91E3-4F6F-B774-058588D456CF}.Release|Any CPU.Build.0 = Release|Any CPU
		{715DD06E-0850-4D82-9451-EC97D458DA46}.Debug|Any CPU.ActiveCfg = Debug|Any CPU
		{715DD06E-0850-4D82-9451-EC97D458DA46}.Debug|Any CPU.Build.0 = Debug|Any CPU
		{715DD06E-0850-4D82-9451-EC97D458DA46}.Release|Any CPU.ActiveCfg = Release|Any CPU
		{715DD06E-0850-4D82-9451-EC97D458DA46}.Release|Any CPU.Build.0 = Release|Any CPU
	EndGlobalSection
	GlobalSection(SolutionProperties) = preSolution
		HideSolutionNode = FALSE
	EndGlobalSection
	GlobalSection(ExtensibilityGlobals) = postSolution
		SolutionGuid = {06F726CC-BD2B-4724-BCDB-A358133CCA9C}
	EndGlobalSection
EndGlobal
